
Microsoft Visual Studio Solution File, Format Version 12.00
# Visual Studio Version 16
VisualStudioVersion = 16.0.30413.136
MinimumVisualStudioVersion = 10.0.40219.1
Project("{FAE04EC0-301F-11D3-BF4B-00C04F79EFBC}") = "SportsStore.Domain", "SportsStore.Domain\SportsStore.Domain.csproj", "{E72B62FE-E0FF-4C7E-8B79-C77D02723254}"
EndProject
Project("{FAE04EC0-301F-11D3-BF4B-00C04F79EFBC}") = "SportsStore.WebUI", "SportsStore.WebUI\SportsStore.WebUI.csproj", "{2E96A86F-5BB0-403F-8821-C8A497B51284}"
EndProject
Project("{FAE04EC0-301F-11D3-BF4B-00C04F79EFBC}") = "SportsStore.UnitTests", "SportsStore.UnitTests\SportsStore.UnitTests.csproj", "{3428278F-4A85-4737-9DF4-2BD2E9308705}"
EndProject
Global
	GlobalSection(SolutionConfigurationPlatforms) = preSolution
		Debug|Any CPU = Debug|Any CPU
		Release|Any CPU = Release|Any CPU
	EndGlobalSection
	GlobalSection(ProjectConfigurationPlatforms) = postSolution
		{E72B62FE-E0FF-4C7E-8B79-C77D02723254}.Debug|Any CPU.ActiveCfg = Debug|Any CPU
		{E72B62FE-E0FF-4C7E-8B79-C77D02723254}.Debug|Any CPU.Build.0 = Debug|Any CPU
		{E72B62FE-E0FF-4C7E-8B79-C77D02723254}.Release|Any CPU.ActiveCfg = Release|Any CPU
		{E72B62FE-E0FF-4C7E-8B79-C77D02723254}.Release|Any CPU.Build.0 = Release|Any CPU
		{2E96A86F-5BB0-403F-8821-C8A497B51284}.Debug|Any CPU.ActiveCfg = Debug|Any CPU
		{2E96A86F-5BB0-403F-8821-C8A497B51284}.Debug|Any CPU.Build.0 = Debug|Any CPU
		{2E96A86F-5BB0-403F-8821-C8A497B51284}.Release|Any CPU.ActiveCfg = Release|Any CPU
		{2E96A86F-5BB0-403F-8821-C8A497B51284}.Release|Any CPU.Build.0 = Release|Any CPU
		{3428278F-4A85-4737-9DF4-2BD2E9308705}.Debug|Any CPU.ActiveCfg = Debug|Any CPU
		{3428278F-4A85-4737-9DF4-2BD2E9308705}.Debug|Any CPU.Build.0 = Debug|Any CPU
		{3428278F-4A85-4737-9DF4-2BD2E9308705}.Release|Any CPU.ActiveCfg = Release|Any CPU
		{3428278F-4A85-4737-9DF4-2BD2E9308705}.Release|Any CPU.Build.0 = Release|Any CPU
	EndGlobalSection
	GlobalSection(SolutionProperties) = preSolution
		HideSolutionNode = FALSE
	EndGlobalSection
	GlobalSection(ExtensibilityGlobals) = postSolution
		SolutionGuid = {ECB26F7E-99D7-40D1-A1B9-711E1F9D56FD}
	EndGlobalSection
EndGlobal
