
Microsoft Visual Studio Solution File, Format Version 12.00
# Visual Studio Version 16
VisualStudioVersion = 16.0.31229.75
MinimumVisualStudioVersion = 10.0.40219.1
Project("{FAE04EC0-301F-11D3-BF4B-00C04F79EFBC}") = "SportsStore.Domain", "SportsStore.Domain\SportsStore.Domain.csproj", "{598C903F-160C-4C07-89DF-6846AFE1B730}"
EndProject
Project("{FAE04EC0-301F-11D3-BF4B-00C04F79EFBC}") = "SportsStore.WebUI", "SportsStore.WebUI\SportsStore.WebUI.csproj", "{A2B389EC-2670-4AEC-B1A4-F2847B44F8C3}"
EndProject
Project("{FAE04EC0-301F-11D3-BF4B-00C04F79EFBC}") = "SportsStore.UnitTests", "SportsStore.WebUI.Tests\SportsStore.UnitTests.csproj", "{060FB2A3-68C7-46B2-8761-F20E9CE86B52}"
EndProject
Global
	GlobalSection(SolutionConfigurationPlatforms) = preSolution
		Debug|Any CPU = Debug|Any CPU
		Release|Any CPU = Release|Any CPU
	EndGlobalSection
	GlobalSection(ProjectConfigurationPlatforms) = postSolution
		{598C903F-160C-4C07-89DF-6846AFE1B730}.Debug|Any CPU.ActiveCfg = Debug|Any CPU
		{598C903F-160C-4C07-89DF-6846AFE1B730}.Debug|Any CPU.Build.0 = Debug|Any CPU
		{598C903F-160C-4C07-89DF-6846AFE1B730}.Release|Any CPU.ActiveCfg = Release|Any CPU
		{598C903F-160C-4C07-89DF-6846AFE1B730}.Release|Any CPU.Build.0 = Release|Any CPU
		{A2B389EC-2670-4AEC-B1A4-F2847B44F8C3}.Debug|Any CPU.ActiveCfg = Debug|Any CPU
		{A2B389EC-2670-4AEC-B1A4-F2847B44F8C3}.Debug|Any CPU.Build.0 = Debug|Any CPU
		{A2B389EC-2670-4AEC-B1A4-F2847B44F8C3}.Release|Any CPU.ActiveCfg = Release|Any CPU
		{A2B389EC-2670-4AEC-B1A4-F2847B44F8C3}.Release|Any CPU.Build.0 = Release|Any CPU
		{060FB2A3-68C7-46B2-8761-F20E9CE86B52}.Debug|Any CPU.ActiveCfg = Debug|Any CPU
		{060FB2A3-68C7-46B2-8761-F20E9CE86B52}.Debug|Any CPU.Build.0 = Debug|Any CPU
		{060FB2A3-68C7-46B2-8761-F20E9CE86B52}.Release|Any CPU.ActiveCfg = Release|Any CPU
		{060FB2A3-68C7-46B2-8761-F20E9CE86B52}.Release|Any CPU.Build.0 = Release|Any CPU
	EndGlobalSection
	GlobalSection(SolutionProperties) = preSolution
		HideSolutionNode = FALSE
	EndGlobalSection
	GlobalSection(ExtensibilityGlobals) = postSolution
		SolutionGuid = {49F9E69A-9C1D-465B-A8D2-7465A7A65406}
	EndGlobalSection
EndGlobal
